
Microsoft Visual Studio Solution File, Format Version 12.00
# Visual Studio Version 17
VisualStudioVersion = 17.4.33122.133
MinimumVisualStudioVersion = 10.0.40219.1
Project("{9A19103F-16F7-4668-BE54-9A1E7A4F7556}") = "producer", "producer.csproj", "{75D81774-A3D5-4D30-9F44-E61F46298F78}"
EndProject
Global
	GlobalSection(SolutionConfigurationPlatforms) = preSolution
		Debug|Any CPU = Debug|Any CPU
		Release|Any CPU = Release|Any CPU
	EndGlobalSection
	GlobalSection(ProjectConfigurationPlatforms) = postSolution
		{75D81774-A3D5-4D30-9F44-E61F46298F78}.Debug|Any CPU.ActiveCfg = Debug|Any CPU
		{75D81774-A3D5-4D30-9F44-E61F46298F78}.Debug|Any CPU.Build.0 = Debug|Any CPU
		{75D81774-A3D5-4D30-9F44-E61F46298F78}.Release|Any CPU.ActiveCfg = Release|Any CPU
		{75D81774-A3D5-4D30-9F44-E61F46298F78}.Release|Any CPU.Build.0 = Release|Any CPU
	EndGlobalSection
	GlobalSection(SolutionProperties) = preSolution
		HideSolutionNode = FALSE
	EndGlobalSection
	GlobalSection(ExtensibilityGlobals) = postSolution
		SolutionGuid = {2C018837-6846-433F-BCEC-7838937C6A52}
	EndGlobalSection
EndGlobal
